
Microsoft Visual Studio Solution File, Format Version 12.00
# Visual Studio Version 17
VisualStudioVersion = 17.0.31903.59
MinimumVisualStudioVersion = 10.0.40219.1
Project("{2150E333-8FDC-42A3-9474-1A3956D46DE8}") = "Solution Items", "Solution Items", "{44D179A5-3B41-43F6-B006-0DA442ABBE2B}"
	ProjectSection(SolutionItems) = preProject
		.editorconfig = .editorconfig
		.gitignore = .gitignore
		Directory.Build.props = Directory.Build.props
		global.json = global.json
	EndProjectSection
EndProject
Project("{2150E333-8FDC-42A3-9474-1A3956D46DE8}") = "src", "src", "{B3D3E6A8-9253-457C-89ED-829118BB4423}"
EndProject
Project("{9A19103F-16F7-4668-BE54-9A1E7A4F7556}") = "DelightDinner.Api", "src\DelightDinner.Api\DelightDinner.Api.csproj", "{F6B9CC78-5BA8-421A-B392-2E02A1C47330}"
EndProject
Project("{9A19103F-16F7-4668-BE54-9A1E7A4F7556}") = "DelightDinner.Application", "src\DelightDinner.Application\DelightDinner.Application.csproj", "{7EE0329C-DB2C-42E6-86DA-805CF11E9FD7}"
EndProject
Project("{9A19103F-16F7-4668-BE54-9A1E7A4F7556}") = "DelightDinner.Contracts", "src\DelightDinner.Contracts\DelightDinner.Contracts.csproj", "{8655D93F-573B-4673-A2A5-294FD49A790C}"
EndProject
Project("{9A19103F-16F7-4668-BE54-9A1E7A4F7556}") = "DelightDinner.Domain", "src\DelightDinner.Domain\DelightDinner.Domain.csproj", "{B245958C-DEAF-43D4-849D-2334B58E2984}"
EndProject
Project("{9A19103F-16F7-4668-BE54-9A1E7A4F7556}") = "DelightDinner.Infrastructure", "src\DelightDinner.Infrastructure\DelightDinner.Infrastructure.csproj", "{F4DAE4A3-0D60-48FB-9D68-F38CFA93E594}"
EndProject
Project("{2150E333-8FDC-42A3-9474-1A3956D46DE8}") = "Docs", "Docs", "{C117594A-9BA9-478C-9064-2BD903A54A33}"
EndProject
Project("{2150E333-8FDC-42A3-9474-1A3956D46DE8}") = "Api", "Api", "{5E1F5B6A-1BB9-4CDC-9D63-49A93C2F946F}"
	ProjectSection(SolutionItems) = preProject
		Docs\Api\Api.Auth.md = Docs\Api\Api.Auth.md
		Docs\Api\Api.Dinner.md = Docs\Api\Api.Dinner.md
		Docs\Api\Api.Menu.md = Docs\Api\Api.Menu.md
	EndProjectSection
EndProject
Project("{2150E333-8FDC-42A3-9474-1A3956D46DE8}") = "DomainModels", "DomainModels", "{91E279FA-5466-41B2-B346-EC451A9FF2C4}"
	ProjectSection(SolutionItems) = preProject
		Docs\DomainModels\Aggregates.Bill.md = Docs\DomainModels\Aggregates.Bill.md
		Docs\DomainModels\Aggregates.Dinner.md = Docs\DomainModels\Aggregates.Dinner.md
		Docs\DomainModels\Aggregates.Guest.md = Docs\DomainModels\Aggregates.Guest.md
		Docs\DomainModels\Aggregates.Host.md = Docs\DomainModels\Aggregates.Host.md
		Docs\DomainModels\Aggregates.Menu.md = Docs\DomainModels\Aggregates.Menu.md
		Docs\DomainModels\Aggregates.MenuReview.md = Docs\DomainModels\Aggregates.MenuReview.md
		Docs\DomainModels\Aggregates.User.md = Docs\DomainModels\Aggregates.User.md
	EndProjectSection
EndProject
Project("{2150E333-8FDC-42A3-9474-1A3956D46DE8}") = "tests", "tests", "{5832A154-E9F8-41CD-9B8E-93D16E00ADD8}"
EndProject
Project("{2150E333-8FDC-42A3-9474-1A3956D46DE8}") = "UnitTests", "UnitTests", "{C0B1ABD2-E5B7-4EC8-963C-B70BB8975AB7}"
EndProject
Project("{9A19103F-16F7-4668-BE54-9A1E7A4F7556}") = "DelightDinner.Application.UnitTests", "tests\UnitTests\DelightDinner.Application.UnitTests\DelightDinner.Application.UnitTests.csproj", "{25CC32FC-07E6-440D-ABE3-16F199BDA9C6}"
EndProject
Project("{2150E333-8FDC-42A3-9474-1A3956D46DE8}") = "Requests", "Requests", "{45E4BDBB-0677-45B7-BF57-2EB3FF7F682D}"
EndProject
Project("{2150E333-8FDC-42A3-9474-1A3956D46DE8}") = "Authentification", "Authentification", "{E5ECE526-933A-4701-B84F-C6B4E9246459}"
	ProjectSection(SolutionItems) = preProject
		Requests\Authentication\Login.http = Requests\Authentication\Login.http
		Requests\Authentication\Register.http = Requests\Authentication\Register.http
	EndProjectSection
EndProject
Project("{2150E333-8FDC-42A3-9474-1A3956D46DE8}") = "Dinners", "Dinners", "{0581F6A1-C27A-4AD2-9034-7D3BE246E187}"
	ProjectSection(SolutionItems) = preProject
		Requests\Dinners\CreateDinner.http = Requests\Dinners\CreateDinner.http
		Requests\Dinners\ListDinners.http = Requests\Dinners\ListDinners.http
	EndProjectSection
EndProject
Project("{2150E333-8FDC-42A3-9474-1A3956D46DE8}") = "Menus", "Menus", "{76CC93C0-F7EE-465D-A22E-ABC5DC916067}"
	ProjectSection(SolutionItems) = preProject
		Requests\Menus\CreateMenu.http = Requests\Menus\CreateMenu.http
		Requests\Menus\ListMenus.http = Requests\Menus\ListMenus.http
	EndProjectSection
EndProject
Global
	GlobalSection(SolutionConfigurationPlatforms) = preSolution
		Debug|Any CPU = Debug|Any CPU
		Release|Any CPU = Release|Any CPU
	EndGlobalSection
	GlobalSection(ProjectConfigurationPlatforms) = postSolution
		{F6B9CC78-5BA8-421A-B392-2E02A1C47330}.Debug|Any CPU.ActiveCfg = Debug|Any CPU
		{F6B9CC78-5BA8-421A-B392-2E02A1C47330}.Debug|Any CPU.Build.0 = Debug|Any CPU
		{F6B9CC78-5BA8-421A-B392-2E02A1C47330}.Release|Any CPU.ActiveCfg = Release|Any CPU
		{F6B9CC78-5BA8-421A-B392-2E02A1C47330}.Release|Any CPU.Build.0 = Release|Any CPU
		{7EE0329C-DB2C-42E6-86DA-805CF11E9FD7}.Debug|Any CPU.ActiveCfg = Debug|Any CPU
		{7EE0329C-DB2C-42E6-86DA-805CF11E9FD7}.Debug|Any CPU.Build.0 = Debug|Any CPU
		{7EE0329C-DB2C-42E6-86DA-805CF11E9FD7}.Release|Any CPU.ActiveCfg = Release|Any CPU
		{7EE0329C-DB2C-42E6-86DA-805CF11E9FD7}.Release|Any CPU.Build.0 = Release|Any CPU
		{8655D93F-573B-4673-A2A5-294FD49A790C}.Debug|Any CPU.ActiveCfg = Debug|Any CPU
		{8655D93F-573B-4673-A2A5-294FD49A790C}.Debug|Any CPU.Build.0 = Debug|Any CPU
		{8655D93F-573B-4673-A2A5-294FD49A790C}.Release|Any CPU.ActiveCfg = Release|Any CPU
		{8655D93F-573B-4673-A2A5-294FD49A790C}.Release|Any CPU.Build.0 = Release|Any CPU
		{B245958C-DEAF-43D4-849D-2334B58E2984}.Debug|Any CPU.ActiveCfg = Debug|Any CPU
		{B245958C-DEAF-43D4-849D-2334B58E2984}.Debug|Any CPU.Build.0 = Debug|Any CPU
		{B245958C-DEAF-43D4-849D-2334B58E2984}.Release|Any CPU.ActiveCfg = Release|Any CPU
		{B245958C-DEAF-43D4-849D-2334B58E2984}.Release|Any CPU.Build.0 = Release|Any CPU
		{F4DAE4A3-0D60-48FB-9D68-F38CFA93E594}.Debug|Any CPU.ActiveCfg = Debug|Any CPU
		{F4DAE4A3-0D60-48FB-9D68-F38CFA93E594}.Debug|Any CPU.Build.0 = Debug|Any CPU
		{F4DAE4A3-0D60-48FB-9D68-F38CFA93E594}.Release|Any CPU.ActiveCfg = Release|Any CPU
		{F4DAE4A3-0D60-48FB-9D68-F38CFA93E594}.Release|Any CPU.Build.0 = Release|Any CPU
		{25CC32FC-07E6-440D-ABE3-16F199BDA9C6}.Debug|Any CPU.ActiveCfg = Debug|Any CPU
		{25CC32FC-07E6-440D-ABE3-16F199BDA9C6}.Debug|Any CPU.Build.0 = Debug|Any CPU
		{25CC32FC-07E6-440D-ABE3-16F199BDA9C6}.Release|Any CPU.ActiveCfg = Release|Any CPU
		{25CC32FC-07E6-440D-ABE3-16F199BDA9C6}.Release|Any CPU.Build.0 = Release|Any CPU
	EndGlobalSection
	GlobalSection(SolutionProperties) = preSolution
		HideSolutionNode = FALSE
	EndGlobalSection
	GlobalSection(NestedProjects) = preSolution
		{F6B9CC78-5BA8-421A-B392-2E02A1C47330} = {B3D3E6A8-9253-457C-89ED-829118BB4423}
		{7EE0329C-DB2C-42E6-86DA-805CF11E9FD7} = {B3D3E6A8-9253-457C-89ED-829118BB4423}
		{8655D93F-573B-4673-A2A5-294FD49A790C} = {B3D3E6A8-9253-457C-89ED-829118BB4423}
		{B245958C-DEAF-43D4-849D-2334B58E2984} = {B3D3E6A8-9253-457C-89ED-829118BB4423}
		{F4DAE4A3-0D60-48FB-9D68-F38CFA93E594} = {B3D3E6A8-9253-457C-89ED-829118BB4423}
		{5E1F5B6A-1BB9-4CDC-9D63-49A93C2F946F} = {C117594A-9BA9-478C-9064-2BD903A54A33}
		{91E279FA-5466-41B2-B346-EC451A9FF2C4} = {C117594A-9BA9-478C-9064-2BD903A54A33}
		{C0B1ABD2-E5B7-4EC8-963C-B70BB8975AB7} = {5832A154-E9F8-41CD-9B8E-93D16E00ADD8}
		{25CC32FC-07E6-440D-ABE3-16F199BDA9C6} = {C0B1ABD2-E5B7-4EC8-963C-B70BB8975AB7}
		{E5ECE526-933A-4701-B84F-C6B4E9246459} = {45E4BDBB-0677-45B7-BF57-2EB3FF7F682D}
		{0581F6A1-C27A-4AD2-9034-7D3BE246E187} = {45E4BDBB-0677-45B7-BF57-2EB3FF7F682D}
		{76CC93C0-F7EE-465D-A22E-ABC5DC916067} = {45E4BDBB-0677-45B7-BF57-2EB3FF7F682D}
	EndGlobalSection
	GlobalSection(ExtensibilityGlobals) = postSolution
		SolutionGuid = {59D728A9-1258-492A-8761-0E65A9C1AC87}
	EndGlobalSection
EndGlobal
