
Microsoft Visual Studio Solution File, Format Version 12.00
# Visual Studio Version 17
VisualStudioVersion = 17.4.33205.214
MinimumVisualStudioVersion = 10.0.40219.1
Project("{9A19103F-16F7-4668-BE54-9A1E7A4F7556}") = "DelightDinner.Api", "DelightDinner.Api\DelightDinner.Api.csproj", "{1BE3F102-6D39-4593-A0A6-FE4DC56F65E4}"
EndProject
Project("{9A19103F-16F7-4668-BE54-9A1E7A4F7556}") = "DelightDinner.Contracts", "DelightDinner.Contracts\DelightDinner.Contracts.csproj", "{8D5AD78C-6CE3-402B-8681-E2A4B1782E37}"
EndProject
Project("{9A19103F-16F7-4668-BE54-9A1E7A4F7556}") = "DelightDinner.Infrastructure", "DelightDinner.Infrastructure\DelightDinner.Infrastructure.csproj", "{D03734FE-69D7-41C7-A37A-B6E4FAE4FCB1}"
EndProject
Project("{9A19103F-16F7-4668-BE54-9A1E7A4F7556}") = "DelightDinner.Application", "DelightDinner.Application\DelightDinner.Application.csproj", "{C0DEA2D6-D3E6-4B22-95B1-60A141DF684A}"
EndProject
Project("{9A19103F-16F7-4668-BE54-9A1E7A4F7556}") = "DelightDinner.Domain", "DelightDinner.Domain\DelightDinner.Domain.csproj", "{E8877DB9-AF04-446B-9094-7D4564710AEE}"
EndProject
Project("{2150E333-8FDC-42A3-9474-1A3956D46DE8}") = "Docs", "Docs", "{F8E308EB-1CE3-4C24-B0B0-8B8E06C52888}"
EndProject
Project("{2150E333-8FDC-42A3-9474-1A3956D46DE8}") = "DomainModels", "DomainModels", "{EE304F80-A7B6-48F5-B5EA-6F7E5AEB8A59}"
	ProjectSection(SolutionItems) = preProject
		Aggregate.Guest.md = Aggregate.Guest.md
		Aggregate.Host.md = Aggregate.Host.md
		Aggregate.MenuReview.md = Aggregate.MenuReview.md
		Aggregates.Bill.md = Aggregates.Bill.md
		Aggregates.Menu.md = Aggregates.Menu.md
		Aggregates.User.md = Aggregates.User.md
	EndProjectSection
EndProject
Global
	GlobalSection(SolutionConfigurationPlatforms) = preSolution
		Debug|Any CPU = Debug|Any CPU
		Release|Any CPU = Release|Any CPU
	EndGlobalSection
	GlobalSection(ProjectConfigurationPlatforms) = postSolution
		{1BE3F102-6D39-4593-A0A6-FE4DC56F65E4}.Debug|Any CPU.ActiveCfg = Debug|Any CPU
		{1BE3F102-6D39-4593-A0A6-FE4DC56F65E4}.Debug|Any CPU.Build.0 = Debug|Any CPU
		{1BE3F102-6D39-4593-A0A6-FE4DC56F65E4}.Release|Any CPU.ActiveCfg = Release|Any CPU
		{1BE3F102-6D39-4593-A0A6-FE4DC56F65E4}.Release|Any CPU.Build.0 = Release|Any CPU
		{8D5AD78C-6CE3-402B-8681-E2A4B1782E37}.Debug|Any CPU.ActiveCfg = Debug|Any CPU
		{8D5AD78C-6CE3-402B-8681-E2A4B1782E37}.Debug|Any CPU.Build.0 = Debug|Any CPU
		{8D5AD78C-6CE3-402B-8681-E2A4B1782E37}.Release|Any CPU.ActiveCfg = Release|Any CPU
		{8D5AD78C-6CE3-402B-8681-E2A4B1782E37}.Release|Any CPU.Build.0 = Release|Any CPU
		{D03734FE-69D7-41C7-A37A-B6E4FAE4FCB1}.Debug|Any CPU.ActiveCfg = Debug|Any CPU
		{D03734FE-69D7-41C7-A37A-B6E4FAE4FCB1}.Debug|Any CPU.Build.0 = Debug|Any CPU
		{D03734FE-69D7-41C7-A37A-B6E4FAE4FCB1}.Release|Any CPU.ActiveCfg = Release|Any CPU
		{D03734FE-69D7-41C7-A37A-B6E4FAE4FCB1}.Release|Any CPU.Build.0 = Release|Any CPU
		{C0DEA2D6-D3E6-4B22-95B1-60A141DF684A}.Debug|Any CPU.ActiveCfg = Debug|Any CPU
		{C0DEA2D6-D3E6-4B22-95B1-60A141DF684A}.Debug|Any CPU.Build.0 = Debug|Any CPU
		{C0DEA2D6-D3E6-4B22-95B1-60A141DF684A}.Release|Any CPU.ActiveCfg = Release|Any CPU
		{C0DEA2D6-D3E6-4B22-95B1-60A141DF684A}.Release|Any CPU.Build.0 = Release|Any CPU
		{E8877DB9-AF04-446B-9094-7D4564710AEE}.Debug|Any CPU.ActiveCfg = Debug|Any CPU
		{E8877DB9-AF04-446B-9094-7D4564710AEE}.Debug|Any CPU.Build.0 = Debug|Any CPU
		{E8877DB9-AF04-446B-9094-7D4564710AEE}.Release|Any CPU.ActiveCfg = Release|Any CPU
		{E8877DB9-AF04-446B-9094-7D4564710AEE}.Release|Any CPU.Build.0 = Release|Any CPU
	EndGlobalSection
	GlobalSection(SolutionProperties) = preSolution
		HideSolutionNode = FALSE
	EndGlobalSection
	GlobalSection(NestedProjects) = preSolution
		{EE304F80-A7B6-48F5-B5EA-6F7E5AEB8A59} = {F8E308EB-1CE3-4C24-B0B0-8B8E06C52888}
	EndGlobalSection
	GlobalSection(ExtensibilityGlobals) = postSolution
		SolutionGuid = {0541607F-6469-46BD-8DDA-867945F2E549}
	EndGlobalSection
EndGlobal
